
Microsoft Visual Studio Solution File, Format Version 12.00
# Visual Studio Version 17
VisualStudioVersion = 17.3.32929.385
MinimumVisualStudioVersion = 10.0.40219.1
Project("{8BC9CEB8-8B4A-11D0-8D11-00A0C91BC942}") = "prakt_2", "YagudinaProg\YagudinaProg.vcxproj", "{F542F4F4-302A-4E1C-BECF-5A50E992C023}"
EndProject
Project("{8BC9CEB8-8B4A-11D0-8D11-00A0C91BC942}") = "prakt_3", "prakt_3\prakt_3.vcxproj", "{8EC46156-81DE-4CCD-9297-46B9C9EBF80C}"
EndProject
Project("{8BC9CEB8-8B4A-11D0-8D11-00A0C91BC942}") = "prakt_4", "prakt_4\prakt_4.vcxproj", "{1E0598AF-564D-431E-8FA6-014B5003E03D}"
EndProject
Project("{8BC9CEB8-8B4A-11D0-8D11-00A0C91BC942}") = "lab_1_2", "lab_2\lab_2.vcxproj", "{4DFE78D2-5E3B-4A77-A4AB-D1CC0B7885A1}"
EndProject
Project("{8BC9CEB8-8B4A-11D0-8D11-00A0C91BC942}") = "lab_2_1", "lab_2_1\lab_2_1.vcxproj", "{93D2194D-A8E2-4850-A68A-4A4F85672960}"
EndProject
Project("{8BC9CEB8-8B4A-11D0-8D11-00A0C91BC942}") = "lab_2_2", "lab_2_2\lab_2_2.vcxproj", "{9B40FDA9-5C6F-4EDF-8193-5558BB8E9CEE}"
EndProject
Project("{8BC9CEB8-8B4A-11D0-8D11-00A0C91BC942}") = "lab_3_1", "lab_3_1\lab_3_1.vcxproj", "{55D7AAB8-BBC8-4946-809A-1685F0A77C0C}"
EndProject
Project("{8BC9CEB8-8B4A-11D0-8D11-00A0C91BC942}") = "lab_3_2", "lab_3_2\lab_3_2.vcxproj", "{AC7B866B-05EA-4A85-99CF-F26FB83CD61C}"
EndProject
Project("{8BC9CEB8-8B4A-11D0-8D11-00A0C91BC942}") = "lab_4_1", "lab_4_1\lab_4_1.vcxproj", "{BF610BEC-B1E2-4F8A-AE7A-4C28EE9D2194}"
EndProject
Project("{8BC9CEB8-8B4A-11D0-8D11-00A0C91BC942}") = "lab_4_2", "lab_4_2\lab_4_2.vcxproj", "{6EDE73A5-63DF-4B19-8BC8-D6C7744D8E63}"
EndProject
Project("{8BC9CEB8-8B4A-11D0-8D11-00A0C91BC942}") = "lab_4_3", "lab_4_3\lab_4_3.vcxproj", "{24C3B0B3-10E9-4C10-BAC7-1B960EC0D43E}"
EndProject
Project("{8BC9CEB8-8B4A-11D0-8D11-00A0C91BC942}") = "4", "4\4.vcxproj", "{8C590B3B-EFC2-4925-9003-741609713F22}"
EndProject
Project("{8BC9CEB8-8B4A-11D0-8D11-00A0C91BC942}") = "ргз", "ргз\ргз.vcxproj", "{5ECF67EE-A1FE-4E5B-AAFB-5D21924A3691}"
EndProject
Project("{8BC9CEB8-8B4A-11D0-8D11-00A0C91BC942}") = "rgz_ai", "rgz_ai\rgz_ai.vcxproj", "{4597E3A6-7F3C-4744-8767-AC563C6C585F}"
EndProject
Project("{8BC9CEB8-8B4A-11D0-8D11-00A0C91BC942}") = "lab_7_1", "lab_7_1\lab_7_1.vcxproj", "{A52D8BE7-683D-402C-8CDB-D32B8E023DA1}"
EndProject
Project("{8BC9CEB8-8B4A-11D0-8D11-00A0C91BC942}") = "lab_7_2", "lab_7_2\lab_7_2.vcxproj", "{9808D8F6-2D1B-412C-9CB7-C460F1A44AF8}"
EndProject
Project("{8BC9CEB8-8B4A-11D0-8D11-00A0C91BC942}") = "lab_8_1", "lab_8_1\lab_8_1.vcxproj", "{9969E0D6-FA3C-4209-8850-017CEFB67D8C}"
EndProject
Global
	GlobalSection(SolutionConfigurationPlatforms) = preSolution
		Debug|x64 = Debug|x64
		Debug|x86 = Debug|x86
		Release|x64 = Release|x64
		Release|x86 = Release|x86
	EndGlobalSection
	GlobalSection(ProjectConfigurationPlatforms) = postSolution
		{F542F4F4-302A-4E1C-BECF-5A50E992C023}.Debug|x64.ActiveCfg = Debug|x64
		{F542F4F4-302A-4E1C-BECF-5A50E992C023}.Debug|x64.Build.0 = Debug|x64
		{F542F4F4-302A-4E1C-BECF-5A50E992C023}.Debug|x86.ActiveCfg = Debug|Win32
		{F542F4F4-302A-4E1C-BECF-5A50E992C023}.Debug|x86.Build.0 = Debug|Win32
		{F542F4F4-302A-4E1C-BECF-5A50E992C023}.Release|x64.ActiveCfg = Release|x64
		{F542F4F4-302A-4E1C-BECF-5A50E992C023}.Release|x64.Build.0 = Release|x64
		{F542F4F4-302A-4E1C-BECF-5A50E992C023}.Release|x86.ActiveCfg = Release|Win32
		{F542F4F4-302A-4E1C-BECF-5A50E992C023}.Release|x86.Build.0 = Release|Win32
		{8EC46156-81DE-4CCD-9297-46B9C9EBF80C}.Debug|x64.ActiveCfg = Debug|x64
		{8EC46156-81DE-4CCD-9297-46B9C9EBF80C}.Debug|x64.Build.0 = Debug|x64
		{8EC46156-81DE-4CCD-9297-46B9C9EBF80C}.Debug|x86.ActiveCfg = Debug|Win32
		{8EC46156-81DE-4CCD-9297-46B9C9EBF80C}.Debug|x86.Build.0 = Debug|Win32
		{8EC46156-81DE-4CCD-9297-46B9C9EBF80C}.Release|x64.ActiveCfg = Release|x64
		{8EC46156-81DE-4CCD-9297-46B9C9EBF80C}.Release|x64.Build.0 = Release|x64
		{8EC46156-81DE-4CCD-9297-46B9C9EBF80C}.Release|x86.ActiveCfg = Release|Win32
		{8EC46156-81DE-4CCD-9297-46B9C9EBF80C}.Release|x86.Build.0 = Release|Win32
		{1E0598AF-564D-431E-8FA6-014B5003E03D}.Debug|x64.ActiveCfg = Debug|x64
		{1E0598AF-564D-431E-8FA6-014B5003E03D}.Debug|x64.Build.0 = Debug|x64
		{1E0598AF-564D-431E-8FA6-014B5003E03D}.Debug|x86.ActiveCfg = Debug|Win32
		{1E0598AF-564D-431E-8FA6-014B5003E03D}.Debug|x86.Build.0 = Debug|Win32
		{1E0598AF-564D-431E-8FA6-014B5003E03D}.Release|x64.ActiveCfg = Release|x64
		{1E0598AF-564D-431E-8FA6-014B5003E03D}.Release|x64.Build.0 = Release|x64
		{1E0598AF-564D-431E-8FA6-014B5003E03D}.Release|x86.ActiveCfg = Release|Win32
		{1E0598AF-564D-431E-8FA6-014B5003E03D}.Release|x86.Build.0 = Release|Win32
		{4DFE78D2-5E3B-4A77-A4AB-D1CC0B7885A1}.Debug|x64.ActiveCfg = Debug|x64
		{4DFE78D2-5E3B-4A77-A4AB-D1CC0B7885A1}.Debug|x64.Build.0 = Debug|x64
		{4DFE78D2-5E3B-4A77-A4AB-D1CC0B7885A1}.Debug|x86.ActiveCfg = Debug|Win32
		{4DFE78D2-5E3B-4A77-A4AB-D1CC0B7885A1}.Debug|x86.Build.0 = Debug|Win32
		{4DFE78D2-5E3B-4A77-A4AB-D1CC0B7885A1}.Release|x64.ActiveCfg = Release|x64
		{4DFE78D2-5E3B-4A77-A4AB-D1CC0B7885A1}.Release|x64.Build.0 = Release|x64
		{4DFE78D2-5E3B-4A77-A4AB-D1CC0B7885A1}.Release|x86.ActiveCfg = Release|Win32
		{4DFE78D2-5E3B-4A77-A4AB-D1CC0B7885A1}.Release|x86.Build.0 = Release|Win32
		{93D2194D-A8E2-4850-A68A-4A4F85672960}.Debug|x64.ActiveCfg = Debug|x64
		{93D2194D-A8E2-4850-A68A-4A4F85672960}.Debug|x64.Build.0 = Debug|x64
		{93D2194D-A8E2-4850-A68A-4A4F85672960}.Debug|x86.ActiveCfg = Debug|Win32
		{93D2194D-A8E2-4850-A68A-4A4F85672960}.Debug|x86.Build.0 = Debug|Win32
		{93D2194D-A8E2-4850-A68A-4A4F85672960}.Release|x64.ActiveCfg = Release|x64
		{93D2194D-A8E2-4850-A68A-4A4F85672960}.Release|x64.Build.0 = Release|x64
		{93D2194D-A8E2-4850-A68A-4A4F85672960}.Release|x86.ActiveCfg = Release|Win32
		{93D2194D-A8E2-4850-A68A-4A4F85672960}.Release|x86.Build.0 = Release|Win32
		{9B40FDA9-5C6F-4EDF-8193-5558BB8E9CEE}.Debug|x64.ActiveCfg = Debug|x64
		{9B40FDA9-5C6F-4EDF-8193-5558BB8E9CEE}.Debug|x64.Build.0 = Debug|x64
		{9B40FDA9-5C6F-4EDF-8193-5558BB8E9CEE}.Debug|x86.ActiveCfg = Debug|Win32
		{9B40FDA9-5C6F-4EDF-8193-5558BB8E9CEE}.Debug|x86.Build.0 = Debug|Win32
		{9B40FDA9-5C6F-4EDF-8193-5558BB8E9CEE}.Release|x64.ActiveCfg = Release|x64
		{9B40FDA9-5C6F-4EDF-8193-5558BB8E9CEE}.Release|x64.Build.0 = Release|x64
		{9B40FDA9-5C6F-4EDF-8193-5558BB8E9CEE}.Release|x86.ActiveCfg = Release|Win32
		{9B40FDA9-5C6F-4EDF-8193-5558BB8E9CEE}.Release|x86.Build.0 = Release|Win32
		{55D7AAB8-BBC8-4946-809A-1685F0A77C0C}.Debug|x64.ActiveCfg = Debug|x64
		{55D7AAB8-BBC8-4946-809A-1685F0A77C0C}.Debug|x64.Build.0 = Debug|x64
		{55D7AAB8-BBC8-4946-809A-1685F0A77C0C}.Debug|x86.ActiveCfg = Debug|Win32
		{55D7AAB8-BBC8-4946-809A-1685F0A77C0C}.Debug|x86.Build.0 = Debug|Win32
		{55D7AAB8-BBC8-4946-809A-1685F0A77C0C}.Release|x64.ActiveCfg = Release|x64
		{55D7AAB8-BBC8-4946-809A-1685F0A77C0C}.Release|x64.Build.0 = Release|x64
		{55D7AAB8-BBC8-4946-809A-1685F0A77C0C}.Release|x86.ActiveCfg = Release|Win32
		{55D7AAB8-BBC8-4946-809A-1685F0A77C0C}.Release|x86.Build.0 = Release|Win32
		{AC7B866B-05EA-4A85-99CF-F26FB83CD61C}.Debug|x64.ActiveCfg = Debug|x64
		{AC7B866B-05EA-4A85-99CF-F26FB83CD61C}.Debug|x64.Build.0 = Debug|x64
		{AC7B866B-05EA-4A85-99CF-F26FB83CD61C}.Debug|x86.ActiveCfg = Debug|Win32
		{AC7B866B-05EA-4A85-99CF-F26FB83CD61C}.Debug|x86.Build.0 = Debug|Win32
		{AC7B866B-05EA-4A85-99CF-F26FB83CD61C}.Release|x64.ActiveCfg = Release|x64
		{AC7B866B-05EA-4A85-99CF-F26FB83CD61C}.Release|x64.Build.0 = Release|x64
		{AC7B866B-05EA-4A85-99CF-F26FB83CD61C}.Release|x86.ActiveCfg = Release|Win32
		{AC7B866B-05EA-4A85-99CF-F26FB83CD61C}.Release|x86.Build.0 = Release|Win32
		{BF610BEC-B1E2-4F8A-AE7A-4C28EE9D2194}.Debug|x64.ActiveCfg = Debug|x64
		{BF610BEC-B1E2-4F8A-AE7A-4C28EE9D2194}.Debug|x64.Build.0 = Debug|x64
		{BF610BEC-B1E2-4F8A-AE7A-4C28EE9D2194}.Debug|x86.ActiveCfg = Debug|Win32
		{BF610BEC-B1E2-4F8A-AE7A-4C28EE9D2194}.Debug|x86.Build.0 = Debug|Win32
		{BF610BEC-B1E2-4F8A-AE7A-4C28EE9D2194}.Release|x64.ActiveCfg = Release|x64
		{BF610BEC-B1E2-4F8A-AE7A-4C28EE9D2194}.Release|x64.Build.0 = Release|x64
		{BF610BEC-B1E2-4F8A-AE7A-4C28EE9D2194}.Release|x86.ActiveCfg = Release|Win32
		{BF610BEC-B1E2-4F8A-AE7A-4C28EE9D2194}.Release|x86.Build.0 = Release|Win32
		{6EDE73A5-63DF-4B19-8BC8-D6C7744D8E63}.Debug|x64.ActiveCfg = Debug|x64
		{6EDE73A5-63DF-4B19-8BC8-D6C7744D8E63}.Debug|x64.Build.0 = Debug|x64
		{6EDE73A5-63DF-4B19-8BC8-D6C7744D8E63}.Debug|x86.ActiveCfg = Debug|Win32
		{6EDE73A5-63DF-4B19-8BC8-D6C7744D8E63}.Debug|x86.Build.0 = Debug|Win32
		{6EDE73A5-63DF-4B19-8BC8-D6C7744D8E63}.Release|x64.ActiveCfg = Release|x64
		{6EDE73A5-63DF-4B19-8BC8-D6C7744D8E63}.Release|x64.Build.0 = Release|x64
		{6EDE73A5-63DF-4B19-8BC8-D6C7744D8E63}.Release|x86.ActiveCfg = Release|Win32
		{6EDE73A5-63DF-4B19-8BC8-D6C7744D8E63}.Release|x86.Build.0 = Release|Win32
		{24C3B0B3-10E9-4C10-BAC7-1B960EC0D43E}.Debug|x64.ActiveCfg = Debug|x64
		{24C3B0B3-10E9-4C10-BAC7-1B960EC0D43E}.Debug|x64.Build.0 = Debug|x64
		{24C3B0B3-10E9-4C10-BAC7-1B960EC0D43E}.Debug|x86.ActiveCfg = Debug|Win32
		{24C3B0B3-10E9-4C10-BAC7-1B960EC0D43E}.Debug|x86.Build.0 = Debug|Win32
		{24C3B0B3-10E9-4C10-BAC7-1B960EC0D43E}.Release|x64.ActiveCfg = Release|x64
		{24C3B0B3-10E9-4C10-BAC7-1B960EC0D43E}.Release|x64.Build.0 = Release|x64
		{24C3B0B3-10E9-4C10-BAC7-1B960EC0D43E}.Release|x86.ActiveCfg = Release|Win32
		{24C3B0B3-10E9-4C10-BAC7-1B960EC0D43E}.Release|x86.Build.0 = Release|Win32
		{8C590B3B-EFC2-4925-9003-741609713F22}.Debug|x64.ActiveCfg = Debug|x64
		{8C590B3B-EFC2-4925-9003-741609713F22}.Debug|x64.Build.0 = Debug|x64
		{8C590B3B-EFC2-4925-9003-741609713F22}.Debug|x86.ActiveCfg = Debug|Win32
		{8C590B3B-EFC2-4925-9003-741609713F22}.Debug|x86.Build.0 = Debug|Win32
		{8C590B3B-EFC2-4925-9003-741609713F22}.Release|x64.ActiveCfg = Release|x64
		{8C590B3B-EFC2-4925-9003-741609713F22}.Release|x64.Build.0 = Release|x64
		{8C590B3B-EFC2-4925-9003-741609713F22}.Release|x86.ActiveCfg = Release|Win32
		{8C590B3B-EFC2-4925-9003-741609713F22}.Release|x86.Build.0 = Release|Win32
		{5ECF67EE-A1FE-4E5B-AAFB-5D21924A3691}.Debug|x64.ActiveCfg = Debug|x64
		{5ECF67EE-A1FE-4E5B-AAFB-5D21924A3691}.Debug|x64.Build.0 = Debug|x64
		{5ECF67EE-A1FE-4E5B-AAFB-5D21924A3691}.Debug|x86.ActiveCfg = Debug|Win32
		{5ECF67EE-A1FE-4E5B-AAFB-5D21924A3691}.Debug|x86.Build.0 = Debug|Win32
		{5ECF67EE-A1FE-4E5B-AAFB-5D21924A3691}.Release|x64.ActiveCfg = Release|x64
		{5ECF67EE-A1FE-4E5B-AAFB-5D21924A3691}.Release|x64.Build.0 = Release|x64
		{5ECF67EE-A1FE-4E5B-AAFB-5D21924A3691}.Release|x86.ActiveCfg = Release|Win32
		{5ECF67EE-A1FE-4E5B-AAFB-5D21924A3691}.Release|x86.Build.0 = Release|Win32
		{4597E3A6-7F3C-4744-8767-AC563C6C585F}.Debug|x64.ActiveCfg = Debug|x64
		{4597E3A6-7F3C-4744-8767-AC563C6C585F}.Debug|x64.Build.0 = Debug|x64
		{4597E3A6-7F3C-4744-8767-AC563C6C585F}.Debug|x86.ActiveCfg = Debug|Win32
		{4597E3A6-7F3C-4744-8767-AC563C6C585F}.Debug|x86.Build.0 = Debug|Win32
		{4597E3A6-7F3C-4744-8767-AC563C6C585F}.Release|x64.ActiveCfg = Release|x64
		{4597E3A6-7F3C-4744-8767-AC563C6C585F}.Release|x64.Build.0 = Release|x64
		{4597E3A6-7F3C-4744-8767-AC563C6C585F}.Release|x86.ActiveCfg = Release|Win32
		{4597E3A6-7F3C-4744-8767-AC563C6C585F}.Release|x86.Build.0 = Release|Win32
		{A52D8BE7-683D-402C-8CDB-D32B8E023DA1}.Debug|x64.ActiveCfg = Debug|x64
		{A52D8BE7-683D-402C-8CDB-D32B8E023DA1}.Debug|x64.Build.0 = Debug|x64
		{A52D8BE7-683D-402C-8CDB-D32B8E023DA1}.Debug|x86.ActiveCfg = Debug|Win32
		{A52D8BE7-683D-402C-8CDB-D32B8E023DA1}.Debug|x86.Build.0 = Debug|Win32
		{A52D8BE7-683D-402C-8CDB-D32B8E023DA1}.Release|x64.ActiveCfg = Release|x64
		{A52D8BE7-683D-402C-8CDB-D32B8E023DA1}.Release|x64.Build.0 = Release|x64
		{A52D8BE7-683D-402C-8CDB-D32B8E023DA1}.Release|x86.ActiveCfg = Release|Win32
		{A52D8BE7-683D-402C-8CDB-D32B8E023DA1}.Release|x86.Build.0 = Release|Win32
		{9808D8F6-2D1B-412C-9CB7-C460F1A44AF8}.Debug|x64.ActiveCfg = Debug|x64
		{9808D8F6-2D1B-412C-9CB7-C460F1A44AF8}.Debug|x64.Build.0 = Debug|x64
		{9808D8F6-2D1B-412C-9CB7-C460F1A44AF8}.Debug|x86.ActiveCfg = Debug|Win32
		{9808D8F6-2D1B-412C-9CB7-C460F1A44AF8}.Debug|x86.Build.0 = Debug|Win32
		{9808D8F6-2D1B-412C-9CB7-C460F1A44AF8}.Release|x64.ActiveCfg = Release|x64
		{9808D8F6-2D1B-412C-9CB7-C460F1A44AF8}.Release|x64.Build.0 = Release|x64
		{9808D8F6-2D1B-412C-9CB7-C460F1A44AF8}.Release|x86.ActiveCfg = Release|Win32
		{9808D8F6-2D1B-412C-9CB7-C460F1A44AF8}.Release|x86.Build.0 = Release|Win32
		{9969E0D6-FA3C-4209-8850-017CEFB67D8C}.Debug|x64.ActiveCfg = Debug|x64
		{9969E0D6-FA3C-4209-8850-017CEFB67D8C}.Debug|x64.Build.0 = Debug|x64
		{9969E0D6-FA3C-4209-8850-017CEFB67D8C}.Debug|x86.ActiveCfg = Debug|Win32
		{9969E0D6-FA3C-4209-8850-017CEFB67D8C}.Debug|x86.Build.0 = Debug|Win32
		{9969E0D6-FA3C-4209-8850-017CEFB67D8C}.Release|x64.ActiveCfg = Release|x64
		{9969E0D6-FA3C-4209-8850-017CEFB67D8C}.Release|x64.Build.0 = Release|x64
		{9969E0D6-FA3C-4209-8850-017CEFB67D8C}.Release|x86.ActiveCfg = Release|Win32
		{9969E0D6-FA3C-4209-8850-017CEFB67D8C}.Release|x86.Build.0 = Release|Win32
	EndGlobalSection
	GlobalSection(SolutionProperties) = preSolution
		HideSolutionNode = FALSE
	EndGlobalSection
	GlobalSection(ExtensibilityGlobals) = postSolution
		SolutionGuid = {C4C2A255-3636-48B9-8A56-DCBEB90A26F0}
	EndGlobalSection
EndGlobal
